
Microsoft Visual Studio Solution File, Format Version 12.00
# Visual Studio Version 16
VisualStudioVersion = 16.0.29424.173
MinimumVisualStudioVersion = 10.0.40219.1
Project("{FAE04EC0-301F-11D3-BF4B-00C04F79EFBC}") = "NET.GettingStarted", "NET.GettingStarted.csproj", "{42A138DA-5A22-4E9B-8E17-8CCF070A34D2}"
EndProject
Global
	GlobalSection(SolutionConfigurationPlatforms) = preSolution
		Debug|Any CPU = Debug|Any CPU
		Release|Any CPU = Release|Any CPU
	EndGlobalSection
	GlobalSection(ProjectConfigurationPlatforms) = postSolution
		{42A138DA-5A22-4E9B-8E17-8CCF070A34D2}.Debug|Any CPU.ActiveCfg = Debug|Any CPU
		{42A138DA-5A22-4E9B-8E17-8CCF070A34D2}.Debug|Any CPU.Build.0 = Debug|Any CPU
		{42A138DA-5A22-4E9B-8E17-8CCF070A34D2}.Release|Any CPU.ActiveCfg = Release|Any CPU
		{42A138DA-5A22-4E9B-8E17-8CCF070A34D2}.Release|Any CPU.Build.0 = Release|Any CPU
	EndGlobalSection
	GlobalSection(SolutionProperties) = preSolution
		HideSolutionNode = FALSE
	EndGlobalSection
	GlobalSection(ExtensibilityGlobals) = postSolution
		SolutionGuid = {81E113C6-AC1F-41D5-9EA4-DA71B3D37F5A}
	EndGlobalSection
EndGlobal
